
Microsoft Visual Studio Solution File, Format Version 12.00
# Visual Studio 15
VisualStudioVersion = 15.0.28307.1259
MinimumVisualStudioVersion = 10.0.40219.1
Project("{8BC9CEB8-8B4A-11D0-8D11-00A0C91BC942}") = "ConsoleApplication1", "ConsoleApplication1\ConsoleApplication1.vcxproj", "{9F49B077-C00A-4E69-ADF1-B32B180B82AC}"
EndProject
Global
	GlobalSection(SolutionConfigurationPlatforms) = preSolution
		Debug|x64 = Debug|x64
		Debug|x86 = Debug|x86
		Release|x64 = Release|x64
		Release|x86 = Release|x86
	EndGlobalSection
	GlobalSection(ProjectConfigurationPlatforms) = postSolution
		{9F49B077-C00A-4E69-ADF1-B32B180B82AC}.Debug|x64.ActiveCfg = Debug|x64
		{9F49B077-C00A-4E69-ADF1-B32B180B82AC}.Debug|x64.Build.0 = Debug|x64
		{9F49B077-C00A-4E69-ADF1-B32B180B82AC}.Debug|x86.ActiveCfg = Debug|Win32
		{9F49B077-C00A-4E69-ADF1-B32B180B82AC}.Debug|x86.Build.0 = Debug|Win32
		{9F49B077-C00A-4E69-ADF1-B32B180B82AC}.Release|x64.ActiveCfg = Release|x64
		{9F49B077-C00A-4E69-ADF1-B32B180B82AC}.Release|x64.Build.0 = Release|x64
		{9F49B077-C00A-4E69-ADF1-B32B180B82AC}.Release|x86.ActiveCfg = Release|Win32
		{9F49B077-C00A-4E69-ADF1-B32B180B82AC}.Release|x86.Build.0 = Release|Win32
	EndGlobalSection
	GlobalSection(SolutionProperties) = preSolution
		HideSolutionNode = FALSE
	EndGlobalSection
	GlobalSection(ExtensibilityGlobals) = postSolution
		SolutionGuid = {F02335BA-675A-4FE9-B7F6-8C64AF98DA44}
	EndGlobalSection
EndGlobal
